
Microsoft Visual Studio Solution File, Format Version 10.00
# Visual C++ Express 2008
Project("{8BC9CEB8-8B4A-11D0-8D11-00A0C91BC942}") = "Game", "Game\Game.vcproj", "{AE6F6A03-EE29-48DD-8479-FC8506B7CFCE}"
EndProject
Global
	GlobalSection(SolutionConfigurationPlatforms) = preSolution
		Debug|Win32 = Debug|Win32
		Release|Win32 = Release|Win32
	EndGlobalSection
	GlobalSection(ProjectConfigurationPlatforms) = postSolution
		{AE6F6A03-EE29-48DD-8479-FC8506B7CFCE}.Debug|Win32.ActiveCfg = Debug|Win32
		{AE6F6A03-EE29-48DD-8479-FC8506B7CFCE}.Debug|Win32.Build.0 = Debug|Win32
		{AE6F6A03-EE29-48DD-8479-FC8506B7CFCE}.Release|Win32.ActiveCfg = Release|Win32
		{AE6F6A03-EE29-48DD-8479-FC8506B7CFCE}.Release|Win32.Build.0 = Release|Win32
	EndGlobalSection
	GlobalSection(SolutionProperties) = preSolution
		HideSolutionNode = FALSE
	EndGlobalSection
EndGlobal
